
Microsoft Visual Studio Solution File, Format Version 12.00
# Visual Studio Version 17
VisualStudioVersion = 17.4.33103.184
MinimumVisualStudioVersion = 10.0.40219.1
Project("{FAE04EC0-301F-11D3-BF4B-00C04F79EFBC}") = "Web", "Web\Web.csproj", "{F1C1ED89-E9D6-4E6B-BFE7-3127036351BA}"
EndProject
Global
	GlobalSection(SolutionConfigurationPlatforms) = preSolution
		Debug|Any CPU = Debug|Any CPU
		Release|Any CPU = Release|Any CPU
	EndGlobalSection
	GlobalSection(ProjectConfigurationPlatforms) = postSolution
		{F1C1ED89-E9D6-4E6B-BFE7-3127036351BA}.Debug|Any CPU.ActiveCfg = Debug|Any CPU
		{F1C1ED89-E9D6-4E6B-BFE7-3127036351BA}.Debug|Any CPU.Build.0 = Debug|Any CPU
		{F1C1ED89-E9D6-4E6B-BFE7-3127036351BA}.Release|Any CPU.ActiveCfg = Release|Any CPU
		{F1C1ED89-E9D6-4E6B-BFE7-3127036351BA}.Release|Any CPU.Build.0 = Release|Any CPU
	EndGlobalSection
	GlobalSection(SolutionProperties) = preSolution
		HideSolutionNode = FALSE
	EndGlobalSection
	GlobalSection(ExtensibilityGlobals) = postSolution
		SolutionGuid = {1D1A960D-B8BE-4A2E-8880-02EAF380C0A4}
	EndGlobalSection
EndGlobal
